
Microsoft Visual Studio Solution File, Format Version 12.00
# Visual Studio 15
VisualStudioVersion = 15.0.26730.15
MinimumVisualStudioVersion = 10.0.40219.1
Project("{9A19103F-16F7-4668-BE54-9A1E7A4F7556}") = "Entities-POJO", "Laboratorio3\Entities-POJO.csproj", "{BB6547AE-76BB-43C9-9409-904E235722C0}"
EndProject
Project("{FAE04EC0-301F-11D3-BF4B-00C04F79EFBC}") = "DataAccesss", "DataAccesss\DataAccesss.csproj", "{CFAD6EFF-9E5A-4EDD-964F-A86373FEE3DF}"
EndProject
Global
	GlobalSection(SolutionConfigurationPlatforms) = preSolution
		Debug|Any CPU = Debug|Any CPU
		Release|Any CPU = Release|Any CPU
	EndGlobalSection
	GlobalSection(ProjectConfigurationPlatforms) = postSolution
		{BB6547AE-76BB-43C9-9409-904E235722C0}.Debug|Any CPU.ActiveCfg = Debug|Any CPU
		{BB6547AE-76BB-43C9-9409-904E235722C0}.Debug|Any CPU.Build.0 = Debug|Any CPU
		{BB6547AE-76BB-43C9-9409-904E235722C0}.Release|Any CPU.ActiveCfg = Release|Any CPU
		{BB6547AE-76BB-43C9-9409-904E235722C0}.Release|Any CPU.Build.0 = Release|Any CPU
		{CFAD6EFF-9E5A-4EDD-964F-A86373FEE3DF}.Debug|Any CPU.ActiveCfg = Debug|Any CPU
		{CFAD6EFF-9E5A-4EDD-964F-A86373FEE3DF}.Debug|Any CPU.Build.0 = Debug|Any CPU
		{CFAD6EFF-9E5A-4EDD-964F-A86373FEE3DF}.Release|Any CPU.ActiveCfg = Release|Any CPU
		{CFAD6EFF-9E5A-4EDD-964F-A86373FEE3DF}.Release|Any CPU.Build.0 = Release|Any CPU
	EndGlobalSection
	GlobalSection(SolutionProperties) = preSolution
		HideSolutionNode = FALSE
	EndGlobalSection
	GlobalSection(ExtensibilityGlobals) = postSolution
		SolutionGuid = {A014FCAC-85A4-463A-B408-3348F87DC161}
	EndGlobalSection
EndGlobal
